// !$*UTF8*$!
{
	archiveVersion = 1;
	classes = {
	};
	objectVersion = 55;
	objects = {

/* Begin PBXBuildFile section */
		B677B5F027C1608F0078B5D0 /* extensions.swift in Sources */ = {isa = PBXBuildFile; fileRef = B677B5EF27C1608F0078B5D0 /* extensions.swift */; };
		B677B5F227C163B20078B5D0 /* Jonesy-Script.ttf in Resources */ = {isa = PBXBuildFile; fileRef = B677B5F127C163B20078B5D0 /* Jonesy-Script.ttf */; };
		B6F8D6CE27C16EEA0016EC83 /* SecondViewController.swift in Sources */ = {isa = PBXBuildFile; fileRef = B6F8D6CD27C16EEA0016EC83 /* SecondViewController.swift */; };
		B6F8D6D027C17B910016EC83 /* ThirdViewController.swift in Sources */ = {isa = PBXBuildFile; fileRef = B6F8D6CF27C17B910016EC83 /* ThirdViewController.swift */; };
		B6F8D6D427C193930016EC83 /* FourthViewController.swift in Sources */ = {isa = PBXBuildFile; fileRef = B6F8D6D327C193930016EC83 /* FourthViewController.swift */; };
		B6F8D6D627C19E640016EC83 /* BaseTabBarController.swift in Sources */ = {isa = PBXBuildFile; fileRef = B6F8D6D527C19E640016EC83 /* BaseTabBarController.swift */; };
		B6F8D6D827C1B9870016EC83 /* RecipeModel.swift in Sources */ = {isa = PBXBuildFile; fileRef = B6F8D6D727C1B9870016EC83 /* RecipeModel.swift */; };
		B6FDC3AD27C15BA90097094B /* AppDelegate.swift in Sources */ = {isa = PBXBuildFile; fileRef = B6FDC3AC27C15BA90097094B /* AppDelegate.swift */; };
		B6FDC3AF27C15BA90097094B /* SceneDelegate.swift in Sources */ = {isa = PBXBuildFile; fileRef = B6FDC3AE27C15BA90097094B /* SceneDelegate.swift */; };
		B6FDC3B127C15BA90097094B /* ViewController.swift in Sources */ = {isa = PBXBuildFile; fileRef = B6FDC3B027C15BA90097094B /* ViewController.swift */; };
		B6FDC3B427C15BA90097094B /* Main.storyboard in Resources */ = {isa = PBXBuildFile; fileRef = B6FDC3B227C15BA90097094B /* Main.storyboard */; };
		B6FDC3B627C15BAA0097094B /* Assets.xcassets in Resources */ = {isa = PBXBuildFile; fileRef = B6FDC3B527C15BAA0097094B /* Assets.xcassets */; };
		B6FDC3B927C15BAA0097094B /* LaunchScreen.storyboard in Resources */ = {isa = PBXBuildFile; fileRef = B6FDC3B727C15BAA0097094B /* LaunchScreen.storyboard */; };
/* End PBXBuildFile section */

/* Begin PBXFileReference section */
		B677B5EF27C1608F0078B5D0 /* extensions.swift */ = {isa = PBXFileReference; lastKnownFileType = sourcecode.swift; path = extensions.swift; sourceTree = "<group>"; };
		B677B5F127C163B20078B5D0 /* Jonesy-Script.ttf */ = {isa = PBXFileReference; lastKnownFileType = file; path = "Jonesy-Script.ttf"; sourceTree = "<group>"; };
		B6F8D6CD27C16EEA0016EC83 /* SecondViewController.swift */ = {isa = PBXFileReference; lastKnownFileType = sourcecode.swift; path = SecondViewController.swift; sourceTree = "<group>"; };
		B6F8D6CF27C17B910016EC83 /* ThirdViewController.swift */ = {isa = PBXFileReference; lastKnownFileType = sourcecode.swift; path = ThirdViewController.swift; sourceTree = "<group>"; };
		B6F8D6D327C193930016EC83 /* FourthViewController.swift */ = {isa = PBXFileReference; lastKnownFileType = sourcecode.swift; path = FourthViewController.swift; sourceTree = "<group>"; };
		B6F8D6D527C19E640016EC83 /* BaseTabBarController.swift */ = {isa = PBXFileReference; lastKnownFileType = sourcecode.swift; path = BaseTabBarController.swift; sourceTree = "<group>"; };
		B6F8D6D727C1B9870016EC83 /* RecipeModel.swift */ = {isa = PBXFileReference; lastKnownFileType = sourcecode.swift; path = RecipeModel.swift; sourceTree = "<group>"; };
		B6FDC3A927C15BA90097094B /* Prep Rite.app */ = {isa = PBXFileReference; explicitFileType = wrapper.application; includeInIndex = 0; path = "Prep Rite.app"; sourceTree = BUILT_PRODUCTS_DIR; };
		B6FDC3AC27C15BA90097094B /* AppDelegate.swift */ = {isa = PBXFileReference; lastKnownFileType = sourcecode.swift; path = AppDelegate.swift; sourceTree = "<group>"; };
		B6FDC3AE27C15BA90097094B /* SceneDelegate.swift */ = {isa = PBXFileReference; lastKnownFileType = sourcecode.swift; path = SceneDelegate.swift; sourceTree = "<group>"; };
		B6FDC3B027C15BA90097094B /* ViewController.swift */ = {isa = PBXFileReference; lastKnownFileType = sourcecode.swift; path = ViewController.swift; sourceTree = "<group>"; };
		B6FDC3B327C15BA90097094B /* Base */ = {isa = PBXFileReference; lastKnownFileType = file.storyboard; name = Base; path = Base.lproj/Main.storyboard; sourceTree = "<group>"; };
		B6FDC3B527C15BAA0097094B /* Assets.xcassets */ = {isa = PBXFileReference; lastKnownFileType = folder.assetcatalog; path = Assets.xcassets; sourceTree = "<group>"; };
		B6FDC3B827C15BAA0097094B /* Base */ = {isa = PBXFileReference; lastKnownFileType = file.storyboard; name = Base; path = Base.lproj/LaunchScreen.storyboard; sourceTree = "<group>"; };
		B6FDC3BA27C15BAA0097094B /* Info.plist */ = {isa = PBXFileReference; lastKnownFileType = text.plist.xml; path = Info.plist; sourceTree = "<group>"; };
/* End PBXFileReference section */

/* Begin PBXFrameworksBuildPhase section */
		B6FDC3A627C15BA90097094B /* Frameworks */ = {
			isa = PBXFrameworksBuildPhase;
			buildActionMask = 2147483647;
			files = (
			);
			runOnlyForDeploymentPostprocessing = 0;
		};
/* End PBXFrameworksBuildPhase section */

/* Begin PBXGroup section */
		B677B5F327C163D80078B5D0 /* fonts */ = {
			isa = PBXGroup;
			children = (
				B677B5F127C163B20078B5D0 /* Jonesy-Script.ttf */,
			);
			path = fonts;
			sourceTree = "<group>";
		};
		B6FDC3A027C15BA80097094B = {
			isa = PBXGroup;
			children = (
				B6FDC3AB27C15BA90097094B /* Prep Rite */,
				B6FDC3AA27C15BA90097094B /* Products */,
			);
			sourceTree = "<group>";
		};
		B6FDC3AA27C15BA90097094B /* Products */ = {
			isa = PBXGroup;
			children = (
				B6FDC3A927C15BA90097094B /* Prep Rite.app */,
			);
			name = Products;
			sourceTree = "<group>";
		};
		B6FDC3AB27C15BA90097094B /* Prep Rite */ = {
			isa = PBXGroup;
			children = (
				B677B5F327C163D80078B5D0 /* fonts */,
				B6FDC3AC27C15BA90097094B /* AppDelegate.swift */,
				B6FDC3AE27C15BA90097094B /* SceneDelegate.swift */,
				B6FDC3B027C15BA90097094B /* ViewController.swift */,
				B6FDC3B227C15BA90097094B /* Main.storyboard */,
				B6FDC3B527C15BAA0097094B /* Assets.xcassets */,
				B6FDC3B727C15BAA0097094B /* LaunchScreen.storyboard */,
				B6FDC3BA27C15BAA0097094B /* Info.plist */,
				B677B5EF27C1608F0078B5D0 /* extensions.swift */,
				B6F8D6CD27C16EEA0016EC83 /* SecondViewController.swift */,
				B6F8D6CF27C17B910016EC83 /* ThirdViewController.swift */,
				B6F8D6D327C193930016EC83 /* FourthViewController.swift */,
				B6F8D6D527C19E640016EC83 /* BaseTabBarController.swift */,
				B6F8D6D727C1B9870016EC83 /* RecipeModel.swift */,
			);
			path = "Prep Rite";
			sourceTree = "<group>";
		};
/* End PBXGroup section */

/* Begin PBXNativeTarget section */
		B6FDC3A827C15BA90097094B /* Prep Rite */ = {
			isa = PBXNativeTarget;
			buildConfigurationList = B6FDC3BD27C15BAA0097094B /* Build configuration list for PBXNativeTarget "Prep Rite" */;
			buildPhases = (
				B6FDC3A527C15BA90097094B /* Sources */,
				B6FDC3A627C15BA90097094B /* Frameworks */,
				B6FDC3A727C15BA90097094B /* Resources */,
			);
			buildRules = (
			);
			dependencies = (
			);
			name = "Prep Rite";
			productName = "Prep Rite";
			productReference = B6FDC3A927C15BA90097094B /* Prep Rite.app */;
			productType = "com.apple.product-type.application";
		};
/* End PBXNativeTarget section */

/* Begin PBXProject section */
		B6FDC3A127C15BA80097094B /* Project object */ = {
			isa = PBXProject;
			attributes = {
				BuildIndependentTargetsInParallel = 1;
				LastSwiftUpdateCheck = 1320;
				LastUpgradeCheck = 1320;
				TargetAttributes = {
					B6FDC3A827C15BA90097094B = {
						CreatedOnToolsVersion = 13.2.1;
					};
				};
			};
			buildConfigurationList = B6FDC3A427C15BA80097094B /* Build configuration list for PBXProject "Prep Rite" */;
			compatibilityVersion = "Xcode 13.0";
			developmentRegion = en;
			hasScannedForEncodings = 0;
			knownRegions = (
				en,
				Base,
			);
			mainGroup = B6FDC3A027C15BA80097094B;
			productRefGroup = B6FDC3AA27C15BA90097094B /* Products */;
			projectDirPath = "";
			projectRoot = "";
			targets = (
				B6FDC3A827C15BA90097094B /* Prep Rite */,
			);
		};
/* End PBXProject section */

/* Begin PBXResourcesBuildPhase section */
		B6FDC3A727C15BA90097094B /* Resources */ = {
			isa = PBXResourcesBuildPhase;
			buildActionMask = 2147483647;
			files = (
				B6FDC3B927C15BAA0097094B /* LaunchScreen.storyboard in Resources */,
				B6FDC3B627C15BAA0097094B /* Assets.xcassets in Resources */,
				B677B5F227C163B20078B5D0 /* Jonesy-Script.ttf in Resources */,
				B6FDC3B427C15BA90097094B /* Main.storyboard in Resources */,
			);
			runOnlyForDeploymentPostprocessing = 0;
		};
/* End PBXResourcesBuildPhase section */

/* Begin PBXSourcesBuildPhase section */
		B6FDC3A527C15BA90097094B /* Sources */ = {
			isa = PBXSourcesBuildPhase;
			buildActionMask = 2147483647;
			files = (
				B6F8D6D627C19E640016EC83 /* BaseTabBarController.swift in Sources */,
				B6FDC3B127C15BA90097094B /* ViewController.swift in Sources */,
				B6FDC3AD27C15BA90097094B /* AppDelegate.swift in Sources */,
				B6FDC3AF27C15BA90097094B /* SceneDelegate.swift in Sources */,
				B6F8D6D427C193930016EC83 /* FourthViewController.swift in Sources */,
				B6F8D6CE27C16EEA0016EC83 /* SecondViewController.swift in Sources */,
				B6F8D6D027C17B910016EC83 /* ThirdViewController.swift in Sources */,
				B677B5F027C1608F0078B5D0 /* extensions.swift in Sources */,
				B6F8D6D827C1B9870016EC83 /* RecipeModel.swift in Sources */,
			);
			runOnlyForDeploymentPostprocessing = 0;
		};
/* End PBXSourcesBuildPhase section */

/* Begin PBXVariantGroup section */
		B6FDC3B227C15BA90097094B /* Main.storyboard */ = {
			isa = PBXVariantGroup;
			children = (
				B6FDC3B327C15BA90097094B /* Base */,
			);
			name = Main.storyboard;
			sourceTree = "<group>";
		};
		B6FDC3B727C15BAA0097094B /* LaunchScreen.storyboard */ = {
			isa = PBXVariantGroup;
			children = (
				B6FDC3B827C15BAA0097094B /* Base */,
			);
			name = LaunchScreen.storyboard;
			sourceTree = "<group>";
		};
/* End PBXVariantGroup section */

/* Begin XCBuildConfiguration section */
		B6FDC3BB27C15BAA0097094B /* Debug */ = {
			isa = XCBuildConfiguration;
			buildSettings = {
				ALWAYS_SEARCH_USER_PATHS = NO;
				CLANG_ANALYZER_NONNULL = YES;
				CLANG_ANALYZER_NUMBER_OBJECT_CONVERSION = YES_AGGRESSIVE;
				CLANG_CXX_LANGUAGE_STANDARD = "gnu++17";
				CLANG_CXX_LIBRARY = "libc++";
				CLANG_ENABLE_MODULES = YES;
				CLANG_ENABLE_OBJC_ARC = YES;
				CLANG_ENABLE_OBJC_WEAK = YES;
				CLANG_WARN_BLOCK_CAPTURE_AUTORELEASING = YES;
				CLANG_WARN_BOOL_CONVERSION = YES;
				CLANG_WARN_COMMA = YES;
				CLANG_WARN_CONSTANT_CONVERSION = YES;
				CLANG_WARN_DEPRECATED_OBJC_IMPLEMENTATIONS = YES;
				CLANG_WARN_DIRECT_OBJC_ISA_USAGE = YES_ERROR;
				CLANG_WARN_DOCUMENTATION_COMMENTS = YES;
				CLANG_WARN_EMPTY_BODY = YES;
				CLANG_WARN_ENUM_CONVERSION = YES;
				CLANG_WARN_INFINITE_RECURSION = YES;
				CLANG_WARN_INT_CONVERSION = YES;
				CLANG_WARN_NON_LITERAL_NULL_CONVERSION = YES;
				CLANG_WARN_OBJC_IMPLICIT_RETAIN_SELF = YES;
				CLANG_WARN_OBJC_LITERAL_CONVERSION = YES;
				CLANG_WARN_OBJC_ROOT_CLASS = YES_ERROR;
				CLANG_WARN_QUOTED_INCLUDE_IN_FRAMEWORK_HEADER = YES;
				CLANG_WARN_RANGE_LOOP_ANALYSIS = YES;
				CLANG_WARN_STRICT_PROTOTYPES = YES;
				CLANG_WARN_SUSPICIOUS_MOVE = YES;
				CLANG_WARN_UNGUARDED_AVAILABILITY = YES_AGGRESSIVE;
				CLANG_WARN_UNREACHABLE_CODE = YES;
				CLANG_WARN__DUPLICATE_METHOD_MATCH = YES;
				COPY_PHASE_STRIP = NO;
				DEBUG_INFORMATION_FORMAT = dwarf;
				ENABLE_STRICT_OBJC_MSGSEND = YES;
				ENABLE_TESTABILITY = YES;
				GCC_C_LANGUAGE_STANDARD = gnu11;
				GCC_DYNAMIC_NO_PIC = NO;
				GCC_NO_COMMON_BLOCKS = YES;
				GCC_OPTIMIZATION_LEVEL = 0;
				GCC_PREPROCESSOR_DEFINITIONS = (
					"DEBUG=1",
					"$(inherited)",
				);
				GCC_WARN_64_TO_32_BIT_CONVERSION = YES;
				GCC_WARN_ABOUT_RETURN_TYPE = YES_ERROR;
				GCC_WARN_UNDECLARED_SELECTOR = YES;
				GCC_WARN_UNINITIALIZED_AUTOS = YES_AGGRESSIVE;
				GCC_WARN_UNUSED_FUNCTION = YES;
				GCC_WARN_UNUSED_VARIABLE = YES;
				IPHONEOS_DEPLOYMENT_TARGET = 15.2;
				MTL_ENABLE_DEBUG_INFO = INCLUDE_SOURCE;
				MTL_FAST_MATH = YES;
				ONLY_ACTIVE_ARCH = YES;
				SDKROOT = iphoneos;
				SWIFT_ACTIVE_COMPILATION_CONDITIONS = DEBUG;
				SWIFT_OPTIMIZATION_LEVEL = "-Onone";
			};
			name = Debug;
		};
		B6FDC3BC27C15BAA0097094B /* Release */ = {
			isa = XCBuildConfiguration;
			buildSettings = {
				ALWAYS_SEARCH_USER_PATHS = NO;
				CLANG_ANALYZER_NONNULL = YES;
				CLANG_ANALYZER_NUMBER_OBJECT_CONVERSION = YES_AGGRESSIVE;
				CLANG_CXX_LANGUAGE_STANDARD = "gnu++17";
				CLANG_CXX_LIBRARY = "libc++";
				CLANG_ENABLE_MODULES = YES;
				CLANG_ENABLE_OBJC_ARC = YES;
				CLANG_ENABLE_OBJC_WEAK = YES;
				CLANG_WARN_BLOCK_CAPTURE_AUTORELEASING = YES;
				CLANG_WARN_BOOL_CONVERSION = YES;
				CLANG_WARN_COMMA = YES;
				CLANG_WARN_CONSTANT_CONVERSION = YES;
				CLANG_WARN_DEPRECATED_OBJC_IMPLEMENTATIONS = YES;
				CLANG_WARN_DIRECT_OBJC_ISA_USAGE = YES_ERROR;
				CLANG_WARN_DOCUMENTATION_COMMENTS = YES;
				CLANG_WARN_EMPTY_BODY = YES;
				CLANG_WARN_ENUM_CONVERSION = YES;
				CLANG_WARN_INFINITE_RECURSION = YES;
				CLANG_WARN_INT_CONVERSION = YES;
				CLANG_WARN_NON_LITERAL_NULL_CONVERSION = YES;
				CLANG_WARN_OBJC_IMPLICIT_RETAIN_SELF = YES;
				CLANG_WARN_OBJC_LITERAL_CONVERSION = YES;
				CLANG_WARN_OBJC_ROOT_CLASS = YES_ERROR;
				CLANG_WARN_QUOTED_INCLUDE_IN_FRAMEWORK_HEADER = YES;
				CLANG_WARN_RANGE_LOOP_ANALYSIS = YES;
				CLANG_WARN_STRICT_PROTOTYPES = YES;
				CLANG_WARN_SUSPICIOUS_MOVE = YES;
				CLANG_WARN_UNGUARDED_AVAILABILITY = YES_AGGRESSIVE;
				CLANG_WARN_UNREACHABLE_CODE = YES;
				CLANG_WARN__DUPLICATE_METHOD_MATCH = YES;
				COPY_PHASE_STRIP = NO;
				DEBUG_INFORMATION_FORMAT = "dwarf-with-dsym";
				ENABLE_NS_ASSERTIONS = NO;
				ENABLE_STRICT_OBJC_MSGSEND = YES;
				GCC_C_LANGUAGE_STANDARD = gnu11;
				GCC_NO_COMMON_BLOCKS = YES;
				GCC_WARN_64_TO_32_BIT_CONVERSION = YES;
				GCC_WARN_ABOUT_RETURN_TYPE = YES_ERROR;
				GCC_WARN_UNDECLARED_SELECTOR = YES;
				GCC_WARN_UNINITIALIZED_AUTOS = YES_AGGRESSIVE;
				GCC_WARN_UNUSED_FUNCTION = YES;
				GCC_WARN_UNUSED_VARIABLE = YES;
				IPHONEOS_DEPLOYMENT_TARGET = 15.2;
				MTL_ENABLE_DEBUG_INFO = NO;
				MTL_FAST_MATH = YES;
				SDKROOT = iphoneos;
				SWIFT_COMPILATION_MODE = wholemodule;
				SWIFT_OPTIMIZATION_LEVEL = "-O";
				VALIDATE_PRODUCT = YES;
			};
			name = Release;
		};
		B6FDC3BE27C15BAA0097094B /* Debug */ = {
			isa = XCBuildConfiguration;
			buildSettings = {
				ASSETCATALOG_COMPILER_APPICON_NAME = AppIcon;
				ASSETCATALOG_COMPILER_GLOBAL_ACCENT_COLOR_NAME = AccentColor;
				CODE_SIGN_STYLE = Automatic;
				CURRENT_PROJECT_VERSION = 1;
				DEVELOPMENT_TEAM = YZ538K466J;
				GENERATE_INFOPLIST_FILE = YES;
				INFOPLIST_FILE = "Prep Rite/Info.plist";
				INFOPLIST_KEY_UIApplicationSupportsIndirectInputEvents = YES;
				INFOPLIST_KEY_UILaunchStoryboardName = LaunchScreen;
				INFOPLIST_KEY_UIMainStoryboardFile = Main;
				INFOPLIST_KEY_UISupportedInterfaceOrientations_iPad = "UIInterfaceOrientationPortrait UIInterfaceOrientationPortraitUpsideDown UIInterfaceOrientationLandscapeLeft UIInterfaceOrientationLandscapeRight";
				INFOPLIST_KEY_UISupportedInterfaceOrientations_iPhone = "UIInterfaceOrientationPortrait UIInterfaceOrientationLandscapeLeft UIInterfaceOrientationLandscapeRight";
				LD_RUNPATH_SEARCH_PATHS = (
					"$(inherited)",
					"@executable_path/Frameworks",
				);
				MARKETING_VERSION = 1.0;
				PRODUCT_BUNDLE_IDENTIFIER = "com.anyawestby.Prep-Rite";
				PRODUCT_NAME = "$(TARGET_NAME)";
				SWIFT_EMIT_LOC_STRINGS = YES;
				SWIFT_VERSION = 5.0;
				TARGETED_DEVICE_FAMILY = "1,2";
			};
			name = Debug;
		};
		B6FDC3BF27C15BAA0097094B /* Release */ = {
			isa = XCBuildConfiguration;
			buildSettings = {
				ASSETCATALOG_COMPILER_APPICON_NAME = AppIcon;
				ASSETCATALOG_COMPILER_GLOBAL_ACCENT_COLOR_NAME = AccentColor;
				CODE_SIGN_STYLE = Automatic;
				CURRENT_PROJECT_VERSION = 1;
				DEVELOPMENT_TEAM = YZ538K466J;
				GENERATE_INFOPLIST_FILE = YES;
				INFOPLIST_FILE = "Prep Rite/Info.plist";
				INFOPLIST_KEY_UIApplicationSupportsIndirectInputEvents = YES;
				INFOPLIST_KEY_UILaunchStoryboardName = LaunchScreen;
				INFOPLIST_KEY_UIMainStoryboardFile = Main;
				INFOPLIST_KEY_UISupportedInterfaceOrientations_iPad = "UIInterfaceOrientationPortrait UIInterfaceOrientationPortraitUpsideDown UIInterfaceOrientationLandscapeLeft UIInterfaceOrientationLandscapeRight";
				INFOPLIST_KEY_UISupportedInterfaceOrientations_iPhone = "UIInterfaceOrientationPortrait UIInterfaceOrientationLandscapeLeft UIInterfaceOrientationLandscapeRight";
				LD_RUNPATH_SEARCH_PATHS = (
					"$(inherited)",
					"@executable_path/Frameworks",
				);
				MARKETING_VERSION = 1.0;
				PRODUCT_BUNDLE_IDENTIFIER = "com.anyawestby.Prep-Rite";
				PRODUCT_NAME = "$(TARGET_NAME)";
				SWIFT_EMIT_LOC_STRINGS = YES;
				SWIFT_VERSION = 5.0;
				TARGETED_DEVICE_FAMILY = "1,2";
			};
			name = Release;
		};
/* End XCBuildConfiguration section */

/* Begin XCConfigurationList section */
		B6FDC3A427C15BA80097094B /* Build configuration list for PBXProject "Prep Rite" */ = {
			isa = XCConfigurationList;
			buildConfigurations = (
				B6FDC3BB27C15BAA0097094B /* Debug */,
				B6FDC3BC27C15BAA0097094B /* Release */,
			);
			defaultConfigurationIsVisible = 0;
			defaultConfigurationName = Release;
		};
		B6FDC3BD27C15BAA0097094B /* Build configuration list for PBXNativeTarget "Prep Rite" */ = {
			isa = XCConfigurationList;
			buildConfigurations = (
				B6FDC3BE27C15BAA0097094B /* Debug */,
				B6FDC3BF27C15BAA0097094B /* Release */,
			);
			defaultConfigurationIsVisible = 0;
			defaultConfigurationName = Release;
		};
/* End XCConfigurationList section */
	};
	rootObject = B6FDC3A127C15BA80097094B /* Project object */;
}
